
Microsoft Visual Studio Solution File, Format Version 12.00
# Visual Studio Version 17
VisualStudioVersion = 17.10.35122.118
MinimumVisualStudioVersion = 10.0.40219.1
Project("{9A19103F-16F7-4668-BE54-9A1E7A4F7556}") = "CS23PhuongThucMoRong", "CS23PhuongThucMoRong\CS23PhuongThucMoRong.csproj", "{8002AEC4-CBD9-434F-A905-6348FDA7471B}"
EndProject
Project("{9A19103F-16F7-4668-BE54-9A1E7A4F7556}") = "CS24PhuongThucTinhOnlyReadIndexer", "CS24PhuongThucTinhOnlyReadIndexer\CS24PhuongThucTinhOnlyReadIndexer.csproj", "{E2AB52BA-8447-41A5-9A35-B89D49989BE5}"
EndProject
Project("{9A19103F-16F7-4668-BE54-9A1E7A4F7556}") = "CS25ExceptionTryCatch", "CS25ExceptionTryCatch\CS25ExceptionTryCatch.csproj", "{24C875D4-BA0B-4CCC-AE99-72D5F096AC04}"
EndProject
Project("{9A19103F-16F7-4668-BE54-9A1E7A4F7556}") = "CS26ListSortedList", "CS26ListSortedList\CS26ListSortedList.csproj", "{41D7759A-BFDD-47C4-A2D6-164B743F3EBC}"
EndProject
Project("{9A19103F-16F7-4668-BE54-9A1E7A4F7556}") = "CS19VirtualMethodAbstractInterface", "CS19VirtualMethodAbstractInterface\CS19VirtualMethodAbstractInterface.csproj", "{D00C1722-429B-4A6C-9C5B-8359E35F3580}"
EndProject
Project("{9A19103F-16F7-4668-BE54-9A1E7A4F7556}") = "CS20DelegateActionFunc", "CS20DelegateActionFunc\CS20DelegateActionFunc.csproj", "{E4B381DD-A1C8-4E46-B1CD-366388A23E2C}"
EndProject
Project("{9A19103F-16F7-4668-BE54-9A1E7A4F7556}") = "CS33DependencyInjection", "CS33DependencyInjection\CS33DependencyInjection.csproj", "{8991D134-6D15-4030-AC56-7616E49935F1}"
EndProject
Project("{9A19103F-16F7-4668-BE54-9A1E7A4F7556}") = "CS34HttpClient", "CS34HttpClient\CS34HttpClient.csproj", "{38CDF9B8-5F4F-4CFF-BFD0-9AE482F5694C}"
EndProject
Project("{9A19103F-16F7-4668-BE54-9A1E7A4F7556}") = "CS35HttpMessageHandlerCookieContainer", "CS35HttpMessageHandlerCookieContainer\CS35HttpMessageHandlerCookieContainer.csproj", "{9675BEC2-2D2D-4922-A5EE-FEB8D9438E39}"
EndProject
Project("{9A19103F-16F7-4668-BE54-9A1E7A4F7556}") = "CS36HttpListener", "CS36HttpListener\CS36HttpListener.csproj", "{05C72E02-BEEC-464D-BD7D-8B7035E376EE}"
EndProject
Project("{FAE04EC0-301F-11D3-BF4B-00C04F79EFBC}") = "CS37ADO.NET", "CS37ADO.NET\CS37ADO.NET.csproj", "{6EB535A0-571B-433B-8BFE-BD6CCA5BABDA}"
EndProject
Global
	GlobalSection(SolutionConfigurationPlatforms) = preSolution
		Debug|Any CPU = Debug|Any CPU
		Release|Any CPU = Release|Any CPU
	EndGlobalSection
	GlobalSection(ProjectConfigurationPlatforms) = postSolution
		{8002AEC4-CBD9-434F-A905-6348FDA7471B}.Debug|Any CPU.ActiveCfg = Debug|Any CPU
		{8002AEC4-CBD9-434F-A905-6348FDA7471B}.Debug|Any CPU.Build.0 = Debug|Any CPU
		{8002AEC4-CBD9-434F-A905-6348FDA7471B}.Release|Any CPU.ActiveCfg = Release|Any CPU
		{8002AEC4-CBD9-434F-A905-6348FDA7471B}.Release|Any CPU.Build.0 = Release|Any CPU
		{E2AB52BA-8447-41A5-9A35-B89D49989BE5}.Debug|Any CPU.ActiveCfg = Debug|Any CPU
		{E2AB52BA-8447-41A5-9A35-B89D49989BE5}.Debug|Any CPU.Build.0 = Debug|Any CPU
		{E2AB52BA-8447-41A5-9A35-B89D49989BE5}.Release|Any CPU.ActiveCfg = Release|Any CPU
		{E2AB52BA-8447-41A5-9A35-B89D49989BE5}.Release|Any CPU.Build.0 = Release|Any CPU
		{24C875D4-BA0B-4CCC-AE99-72D5F096AC04}.Debug|Any CPU.ActiveCfg = Debug|Any CPU
		{24C875D4-BA0B-4CCC-AE99-72D5F096AC04}.Debug|Any CPU.Build.0 = Debug|Any CPU
		{24C875D4-BA0B-4CCC-AE99-72D5F096AC04}.Release|Any CPU.ActiveCfg = Release|Any CPU
		{24C875D4-BA0B-4CCC-AE99-72D5F096AC04}.Release|Any CPU.Build.0 = Release|Any CPU
		{41D7759A-BFDD-47C4-A2D6-164B743F3EBC}.Debug|Any CPU.ActiveCfg = Debug|Any CPU
		{41D7759A-BFDD-47C4-A2D6-164B743F3EBC}.Debug|Any CPU.Build.0 = Debug|Any CPU
		{41D7759A-BFDD-47C4-A2D6-164B743F3EBC}.Release|Any CPU.ActiveCfg = Release|Any CPU
		{41D7759A-BFDD-47C4-A2D6-164B743F3EBC}.Release|Any CPU.Build.0 = Release|Any CPU
		{D00C1722-429B-4A6C-9C5B-8359E35F3580}.Debug|Any CPU.ActiveCfg = Debug|Any CPU
		{D00C1722-429B-4A6C-9C5B-8359E35F3580}.Debug|Any CPU.Build.0 = Debug|Any CPU
		{D00C1722-429B-4A6C-9C5B-8359E35F3580}.Release|Any CPU.ActiveCfg = Release|Any CPU
		{D00C1722-429B-4A6C-9C5B-8359E35F3580}.Release|Any CPU.Build.0 = Release|Any CPU
		{E4B381DD-A1C8-4E46-B1CD-366388A23E2C}.Debug|Any CPU.ActiveCfg = Debug|Any CPU
		{E4B381DD-A1C8-4E46-B1CD-366388A23E2C}.Debug|Any CPU.Build.0 = Debug|Any CPU
		{E4B381DD-A1C8-4E46-B1CD-366388A23E2C}.Release|Any CPU.ActiveCfg = Release|Any CPU
		{E4B381DD-A1C8-4E46-B1CD-366388A23E2C}.Release|Any CPU.Build.0 = Release|Any CPU
		{8991D134-6D15-4030-AC56-7616E49935F1}.Debug|Any CPU.ActiveCfg = Debug|Any CPU
		{8991D134-6D15-4030-AC56-7616E49935F1}.Debug|Any CPU.Build.0 = Debug|Any CPU
		{8991D134-6D15-4030-AC56-7616E49935F1}.Release|Any CPU.ActiveCfg = Release|Any CPU
		{8991D134-6D15-4030-AC56-7616E49935F1}.Release|Any CPU.Build.0 = Release|Any CPU
		{38CDF9B8-5F4F-4CFF-BFD0-9AE482F5694C}.Debug|Any CPU.ActiveCfg = Debug|Any CPU
		{38CDF9B8-5F4F-4CFF-BFD0-9AE482F5694C}.Debug|Any CPU.Build.0 = Debug|Any CPU
		{38CDF9B8-5F4F-4CFF-BFD0-9AE482F5694C}.Release|Any CPU.ActiveCfg = Release|Any CPU
		{38CDF9B8-5F4F-4CFF-BFD0-9AE482F5694C}.Release|Any CPU.Build.0 = Release|Any CPU
		{9675BEC2-2D2D-4922-A5EE-FEB8D9438E39}.Debug|Any CPU.ActiveCfg = Debug|Any CPU
		{9675BEC2-2D2D-4922-A5EE-FEB8D9438E39}.Debug|Any CPU.Build.0 = Debug|Any CPU
		{9675BEC2-2D2D-4922-A5EE-FEB8D9438E39}.Release|Any CPU.ActiveCfg = Release|Any CPU
		{9675BEC2-2D2D-4922-A5EE-FEB8D9438E39}.Release|Any CPU.Build.0 = Release|Any CPU
		{05C72E02-BEEC-464D-BD7D-8B7035E376EE}.Debug|Any CPU.ActiveCfg = Debug|Any CPU
		{05C72E02-BEEC-464D-BD7D-8B7035E376EE}.Debug|Any CPU.Build.0 = Debug|Any CPU
		{05C72E02-BEEC-464D-BD7D-8B7035E376EE}.Release|Any CPU.ActiveCfg = Release|Any CPU
		{05C72E02-BEEC-464D-BD7D-8B7035E376EE}.Release|Any CPU.Build.0 = Release|Any CPU
		{6EB535A0-571B-433B-8BFE-BD6CCA5BABDA}.Debug|Any CPU.ActiveCfg = Debug|Any CPU
		{6EB535A0-571B-433B-8BFE-BD6CCA5BABDA}.Debug|Any CPU.Build.0 = Debug|Any CPU
		{6EB535A0-571B-433B-8BFE-BD6CCA5BABDA}.Release|Any CPU.ActiveCfg = Release|Any CPU
		{6EB535A0-571B-433B-8BFE-BD6CCA5BABDA}.Release|Any CPU.Build.0 = Release|Any CPU
	EndGlobalSection
	GlobalSection(SolutionProperties) = preSolution
		HideSolutionNode = FALSE
	EndGlobalSection
	GlobalSection(ExtensibilityGlobals) = postSolution
		SolutionGuid = {63BF67D5-E7A5-4262-9459-3C661C8F57AA}
	EndGlobalSection
EndGlobal
